
Microsoft Visual Studio Solution File, Format Version 12.00
# Visual Studio 14
VisualStudioVersion = 14.0.25420.1
MinimumVisualStudioVersion = 10.0.40219.1
Project("{FAE04EC0-301F-11D3-BF4B-00C04F79EFBC}") = "MetadataErrorRepro", "MetadataErrorRepro\MetadataErrorRepro\MetadataErrorRepro.csproj", "{4389B305-B381-4B50-B1A8-BBB5259A0524}"
EndProject
Project("{FAE04EC0-301F-11D3-BF4B-00C04F79EFBC}") = "MetadataErrorRepro.ServiceModel", "MetadataErrorRepro\MetadataErrorRepro.ServiceModel\MetadataErrorRepro.ServiceModel.csproj", "{53E82AC1-DD1D-4C66-B55F-F9F4ACFB2F40}"
EndProject
Project("{FAE04EC0-301F-11D3-BF4B-00C04F79EFBC}") = "MetadataErrorRepro.ServiceInterface", "MetadataErrorRepro\MetadataErrorRepro.ServiceInterface\MetadataErrorRepro.ServiceInterface.csproj", "{801A0F89-D5F6-49A6-BCEA-6624388C98A4}"
EndProject
Project("{FAE04EC0-301F-11D3-BF4B-00C04F79EFBC}") = "MetadataErrorRepro.Another.ServiceModel", "MetadataErrorRepro\MetadataErrorRepro.Another.ServiceModel\MetadataErrorRepro.Another.ServiceModel.csproj", "{7E6A66F3-60F5-40F7-B6CC-6CCC2FA884F9}"
EndProject
Project("{FAE04EC0-301F-11D3-BF4B-00C04F79EFBC}") = "MetadataErrorRepro.Another.ServiceInterface", "MetadataErrorRepro\MetadataErrorRepro.Another.ServiceInterface\MetadataErrorRepro.Another.ServiceInterface.csproj", "{A244FF13-6707-4A47-9F3D-48177B59F739}"
EndProject
Global
	GlobalSection(SolutionConfigurationPlatforms) = preSolution
		Debug|Any CPU = Debug|Any CPU
		Release|Any CPU = Release|Any CPU
	EndGlobalSection
	GlobalSection(ProjectConfigurationPlatforms) = postSolution
		{4389B305-B381-4B50-B1A8-BBB5259A0524}.Debug|Any CPU.ActiveCfg = Debug|Any CPU
		{4389B305-B381-4B50-B1A8-BBB5259A0524}.Debug|Any CPU.Build.0 = Debug|Any CPU
		{4389B305-B381-4B50-B1A8-BBB5259A0524}.Release|Any CPU.ActiveCfg = Release|Any CPU
		{4389B305-B381-4B50-B1A8-BBB5259A0524}.Release|Any CPU.Build.0 = Release|Any CPU
		{53E82AC1-DD1D-4C66-B55F-F9F4ACFB2F40}.Debug|Any CPU.ActiveCfg = Debug|Any CPU
		{53E82AC1-DD1D-4C66-B55F-F9F4ACFB2F40}.Debug|Any CPU.Build.0 = Debug|Any CPU
		{53E82AC1-DD1D-4C66-B55F-F9F4ACFB2F40}.Release|Any CPU.ActiveCfg = Release|Any CPU
		{53E82AC1-DD1D-4C66-B55F-F9F4ACFB2F40}.Release|Any CPU.Build.0 = Release|Any CPU
		{801A0F89-D5F6-49A6-BCEA-6624388C98A4}.Debug|Any CPU.ActiveCfg = Debug|Any CPU
		{801A0F89-D5F6-49A6-BCEA-6624388C98A4}.Debug|Any CPU.Build.0 = Debug|Any CPU
		{801A0F89-D5F6-49A6-BCEA-6624388C98A4}.Release|Any CPU.ActiveCfg = Release|Any CPU
		{801A0F89-D5F6-49A6-BCEA-6624388C98A4}.Release|Any CPU.Build.0 = Release|Any CPU
		{7E6A66F3-60F5-40F7-B6CC-6CCC2FA884F9}.Debug|Any CPU.ActiveCfg = Debug|Any CPU
		{7E6A66F3-60F5-40F7-B6CC-6CCC2FA884F9}.Debug|Any CPU.Build.0 = Debug|Any CPU
		{7E6A66F3-60F5-40F7-B6CC-6CCC2FA884F9}.Release|Any CPU.ActiveCfg = Release|Any CPU
		{7E6A66F3-60F5-40F7-B6CC-6CCC2FA884F9}.Release|Any CPU.Build.0 = Release|Any CPU
		{A244FF13-6707-4A47-9F3D-48177B59F739}.Debug|Any CPU.ActiveCfg = Debug|Any CPU
		{A244FF13-6707-4A47-9F3D-48177B59F739}.Debug|Any CPU.Build.0 = Debug|Any CPU
		{A244FF13-6707-4A47-9F3D-48177B59F739}.Release|Any CPU.ActiveCfg = Release|Any CPU
		{A244FF13-6707-4A47-9F3D-48177B59F739}.Release|Any CPU.Build.0 = Release|Any CPU
	EndGlobalSection
	GlobalSection(SolutionProperties) = preSolution
		HideSolutionNode = FALSE
	EndGlobalSection
EndGlobal
